// !$*UTF8*$!
{
	archiveVersion = 1;
	classes = {
	};
	objectVersion = 56;
	objects = {

/* Begin PBXBuildFile section */
		554C438E29044DAB0050572F /* AppDelegate.swift in Sources */ = {isa = PBXBuildFile; fileRef = 554C438D29044DAB0050572F /* AppDelegate.swift */; };
		554C439029044DAB0050572F /* SceneDelegate.swift in Sources */ = {isa = PBXBuildFile; fileRef = 554C438F29044DAB0050572F /* SceneDelegate.swift */; };
		554C439229044DAB0050572F /* ViewController.swift in Sources */ = {isa = PBXBuildFile; fileRef = 554C439129044DAB0050572F /* ViewController.swift */; };
		554C439529044DAB0050572F /* Main.storyboard in Resources */ = {isa = PBXBuildFile; fileRef = 554C439329044DAB0050572F /* Main.storyboard */; };
		554C439729044DAC0050572F /* Assets.xcassets in Resources */ = {isa = PBXBuildFile; fileRef = 554C439629044DAC0050572F /* Assets.xcassets */; };
		554C439A29044DAC0050572F /* LaunchScreen.storyboard in Resources */ = {isa = PBXBuildFile; fileRef = 554C439829044DAC0050572F /* LaunchScreen.storyboard */; };
		7676599BCF8C38F2670D5CEE /* Pods_CocoapodsApp.framework in Frameworks */ = {isa = PBXBuildFile; fileRef = C0C568F462B3E7527958228B /* Pods_CocoapodsApp.framework */; };
/* End PBXBuildFile section */

/* Begin PBXFileReference section */
		554C438A29044DAB0050572F /* CocoapodsApp.app */ = {isa = PBXFileReference; explicitFileType = wrapper.application; includeInIndex = 0; path = CocoapodsApp.app; sourceTree = BUILT_PRODUCTS_DIR; };
		554C438D29044DAB0050572F /* AppDelegate.swift */ = {isa = PBXFileReference; lastKnownFileType = sourcecode.swift; path = AppDelegate.swift; sourceTree = "<group>"; };
		554C438F29044DAB0050572F /* SceneDelegate.swift */ = {isa = PBXFileReference; lastKnownFileType = sourcecode.swift; path = SceneDelegate.swift; sourceTree = "<group>"; };
		554C439129044DAB0050572F /* ViewController.swift */ = {isa = PBXFileReference; lastKnownFileType = sourcecode.swift; path = ViewController.swift; sourceTree = "<group>"; };
		554C439429044DAB0050572F /* Base */ = {isa = PBXFileReference; lastKnownFileType = file.storyboard; name = Base; path = Base.lproj/Main.storyboard; sourceTree = "<group>"; };
		554C439629044DAC0050572F /* Assets.xcassets */ = {isa = PBXFileReference; lastKnownFileType = folder.assetcatalog; path = Assets.xcassets; sourceTree = "<group>"; };
		554C439929044DAC0050572F /* Base */ = {isa = PBXFileReference; lastKnownFileType = file.storyboard; name = Base; path = Base.lproj/LaunchScreen.storyboard; sourceTree = "<group>"; };
		554C439B29044DAC0050572F /* Info.plist */ = {isa = PBXFileReference; lastKnownFileType = text.plist.xml; path = Info.plist; sourceTree = "<group>"; };
		C0C568F462B3E7527958228B /* Pods_CocoapodsApp.framework */ = {isa = PBXFileReference; explicitFileType = wrapper.framework; includeInIndex = 0; path = Pods_CocoapodsApp.framework; sourceTree = BUILT_PRODUCTS_DIR; };
		CCE599A82986283F25F6E69E /* Pods-CocoapodsApp.debug.xcconfig */ = {isa = PBXFileReference; includeInIndex = 1; lastKnownFileType = text.xcconfig; name = "Pods-CocoapodsApp.debug.xcconfig"; path = "Target Support Files/Pods-CocoapodsApp/Pods-CocoapodsApp.debug.xcconfig"; sourceTree = "<group>"; };
		EDDA454505E1EE93DF5730DC /* Pods-CocoapodsApp.release.xcconfig */ = {isa = PBXFileReference; includeInIndex = 1; lastKnownFileType = text.xcconfig; name = "Pods-CocoapodsApp.release.xcconfig"; path = "Target Support Files/Pods-CocoapodsApp/Pods-CocoapodsApp.release.xcconfig"; sourceTree = "<group>"; };
/* End PBXFileReference section */

/* Begin PBXFrameworksBuildPhase section */
		554C438729044DAB0050572F /* Frameworks */ = {
			isa = PBXFrameworksBuildPhase;
			buildActionMask = 2147483647;
			files = (
				7676599BCF8C38F2670D5CEE /* Pods_CocoapodsApp.framework in Frameworks */,
			);
			runOnlyForDeploymentPostprocessing = 0;
		};
/* End PBXFrameworksBuildPhase section */

/* Begin PBXGroup section */
		11E0DD570EEBCDBF310D5BDE /* Frameworks */ = {
			isa = PBXGroup;
			children = (
				C0C568F462B3E7527958228B /* Pods_CocoapodsApp.framework */,
			);
			name = Frameworks;
			sourceTree = "<group>";
		};
		1CBB8C5E428741E36018EFF5 /* Pods */ = {
			isa = PBXGroup;
			children = (
				CCE599A82986283F25F6E69E /* Pods-CocoapodsApp.debug.xcconfig */,
				EDDA454505E1EE93DF5730DC /* Pods-CocoapodsApp.release.xcconfig */,
			);
			path = Pods;
			sourceTree = "<group>";
		};
		554C438129044DAB0050572F = {
			isa = PBXGroup;
			children = (
				554C438C29044DAB0050572F /* CocoapodsApp */,
				554C438B29044DAB0050572F /* Products */,
				1CBB8C5E428741E36018EFF5 /* Pods */,
				11E0DD570EEBCDBF310D5BDE /* Frameworks */,
			);
			sourceTree = "<group>";
		};
		554C438B29044DAB0050572F /* Products */ = {
			isa = PBXGroup;
			children = (
				554C438A29044DAB0050572F /* CocoapodsApp.app */,
			);
			name = Products;
			sourceTree = "<group>";
		};
		554C438C29044DAB0050572F /* CocoapodsApp */ = {
			isa = PBXGroup;
			children = (
				554C43A329044DD10050572F /* Supporting Files */,
				554C43A229044DC90050572F /* Controllers */,
				554C43A129044DBC0050572F /* Views */,
			);
			path = CocoapodsApp;
			sourceTree = "<group>";
		};
		554C43A129044DBC0050572F /* Views */ = {
			isa = PBXGroup;
			children = (
				554C439329044DAB0050572F /* Main.storyboard */,
			);
			name = Views;
			sourceTree = "<group>";
		};
		554C43A229044DC90050572F /* Controllers */ = {
			isa = PBXGroup;
			children = (
				554C439129044DAB0050572F /* ViewController.swift */,
			);
			name = Controllers;
			sourceTree = "<group>";
		};
		554C43A329044DD10050572F /* Supporting Files */ = {
			isa = PBXGroup;
			children = (
				554C439629044DAC0050572F /* Assets.xcassets */,
				554C439829044DAC0050572F /* LaunchScreen.storyboard */,
				554C439B29044DAC0050572F /* Info.plist */,
				554C438F29044DAB0050572F /* SceneDelegate.swift */,
				554C438D29044DAB0050572F /* AppDelegate.swift */,
			);
			name = "Supporting Files";
			sourceTree = "<group>";
		};
/* End PBXGroup section */

/* Begin PBXNativeTarget section */
		554C438929044DAB0050572F /* CocoapodsApp */ = {
			isa = PBXNativeTarget;
			buildConfigurationList = 554C439E29044DAC0050572F /* Build configuration list for PBXNativeTarget "CocoapodsApp" */;
			buildPhases = (
				EF3CE11A513564D7B5654748 /* [CP] Check Pods Manifest.lock */,
				554C438629044DAB0050572F /* Sources */,
				554C438729044DAB0050572F /* Frameworks */,
				554C438829044DAB0050572F /* Resources */,
				8272CC7641F991A3A8DFF9DA /* [CP] Embed Pods Frameworks */,
			);
			buildRules = (
			);
			dependencies = (
			);
			name = CocoapodsApp;
			productName = CocoapodsApp;
			productReference = 554C438A29044DAB0050572F /* CocoapodsApp.app */;
			productType = "com.apple.product-type.application";
		};
/* End PBXNativeTarget section */

/* Begin PBXProject section */
		554C438229044DAB0050572F /* Project object */ = {
			isa = PBXProject;
			attributes = {
				BuildIndependentTargetsInParallel = 1;
				LastSwiftUpdateCheck = 1400;
				LastUpgradeCheck = 1400;
				TargetAttributes = {
					554C438929044DAB0050572F = {
						CreatedOnToolsVersion = 14.0.1;
					};
				};
			};
			buildConfigurationList = 554C438529044DAB0050572F /* Build configuration list for PBXProject "CocoapodsApp" */;
			compatibilityVersion = "Xcode 14.0";
			developmentRegion = en;
			hasScannedForEncodings = 0;
			knownRegions = (
				en,
				Base,
			);
			mainGroup = 554C438129044DAB0050572F;
			productRefGroup = 554C438B29044DAB0050572F /* Products */;
			projectDirPath = "";
			projectRoot = "";
			targets = (
				554C438929044DAB0050572F /* CocoapodsApp */,
			);
		};
/* End PBXProject section */

/* Begin PBXResourcesBuildPhase section */
		554C438829044DAB0050572F /* Resources */ = {
			isa = PBXResourcesBuildPhase;
			buildActionMask = 2147483647;
			files = (
				554C439A29044DAC0050572F /* LaunchScreen.storyboard in Resources */,
				554C439729044DAC0050572F /* Assets.xcassets in Resources */,
				554C439529044DAB0050572F /* Main.storyboard in Resources */,
			);
			runOnlyForDeploymentPostprocessing = 0;
		};
/* End PBXResourcesBuildPhase section */

/* Begin PBXShellScriptBuildPhase section */
		8272CC7641F991A3A8DFF9DA /* [CP] Embed Pods Frameworks */ = {
			isa = PBXShellScriptBuildPhase;
			buildActionMask = 2147483647;
			files = (
			);
			inputFileListPaths = (
				"${PODS_ROOT}/Target Support Files/Pods-CocoapodsApp/Pods-CocoapodsApp-frameworks-${CONFIGURATION}-input-files.xcfilelist",
			);
			name = "[CP] Embed Pods Frameworks";
			outputFileListPaths = (
				"${PODS_ROOT}/Target Support Files/Pods-CocoapodsApp/Pods-CocoapodsApp-frameworks-${CONFIGURATION}-output-files.xcfilelist",
			);
			runOnlyForDeploymentPostprocessing = 0;
			shellPath = /bin/sh;
			shellScript = "\"${PODS_ROOT}/Target Support Files/Pods-CocoapodsApp/Pods-CocoapodsApp-frameworks.sh\"\n";
			showEnvVarsInLog = 0;
		};
		EF3CE11A513564D7B5654748 /* [CP] Check Pods Manifest.lock */ = {
			isa = PBXShellScriptBuildPhase;
			buildActionMask = 2147483647;
			files = (
			);
			inputFileListPaths = (
			);
			inputPaths = (
				"${PODS_PODFILE_DIR_PATH}/Podfile.lock",
				"${PODS_ROOT}/Manifest.lock",
			);
			name = "[CP] Check Pods Manifest.lock";
			outputFileListPaths = (
			);
			outputPaths = (
				"$(DERIVED_FILE_DIR)/Pods-CocoapodsApp-checkManifestLockResult.txt",
			);
			runOnlyForDeploymentPostprocessing = 0;
			shellPath = /bin/sh;
			shellScript = "diff \"${PODS_PODFILE_DIR_PATH}/Podfile.lock\" \"${PODS_ROOT}/Manifest.lock\" > /dev/null\nif [ $? != 0 ] ; then\n    # print error to STDERR\n    echo \"error: The sandbox is not in sync with the Podfile.lock. Run 'pod install' or update your CocoaPods installation.\" >&2\n    exit 1\nfi\n# This output is used by Xcode 'outputs' to avoid re-running this script phase.\necho \"SUCCESS\" > \"${SCRIPT_OUTPUT_FILE_0}\"\n";
			showEnvVarsInLog = 0;
		};
/* End PBXShellScriptBuildPhase section */

/* Begin PBXSourcesBuildPhase section */
		554C438629044DAB0050572F /* Sources */ = {
			isa = PBXSourcesBuildPhase;
			buildActionMask = 2147483647;
			files = (
				554C439229044DAB0050572F /* ViewController.swift in Sources */,
				554C438E29044DAB0050572F /* AppDelegate.swift in Sources */,
				554C439029044DAB0050572F /* SceneDelegate.swift in Sources */,
			);
			runOnlyForDeploymentPostprocessing = 0;
		};
/* End PBXSourcesBuildPhase section */

/* Begin PBXVariantGroup section */
		554C439329044DAB0050572F /* Main.storyboard */ = {
			isa = PBXVariantGroup;
			children = (
				554C439429044DAB0050572F /* Base */,
			);
			name = Main.storyboard;
			sourceTree = "<group>";
		};
		554C439829044DAC0050572F /* LaunchScreen.storyboard */ = {
			isa = PBXVariantGroup;
			children = (
				554C439929044DAC0050572F /* Base */,
			);
			name = LaunchScreen.storyboard;
			sourceTree = "<group>";
		};
/* End PBXVariantGroup section */

/* Begin XCBuildConfiguration section */
		554C439C29044DAC0050572F /* Debug */ = {
			isa = XCBuildConfiguration;
			buildSettings = {
				ALWAYS_SEARCH_USER_PATHS = NO;
				CLANG_ANALYZER_NONNULL = YES;
				CLANG_ANALYZER_NUMBER_OBJECT_CONVERSION = YES_AGGRESSIVE;
				CLANG_CXX_LANGUAGE_STANDARD = "gnu++20";
				CLANG_ENABLE_MODULES = YES;
				CLANG_ENABLE_OBJC_ARC = YES;
				CLANG_ENABLE_OBJC_WEAK = YES;
				CLANG_WARN_BLOCK_CAPTURE_AUTORELEASING = YES;
				CLANG_WARN_BOOL_CONVERSION = YES;
				CLANG_WARN_COMMA = YES;
				CLANG_WARN_CONSTANT_CONVERSION = YES;
				CLANG_WARN_DEPRECATED_OBJC_IMPLEMENTATIONS = YES;
				CLANG_WARN_DIRECT_OBJC_ISA_USAGE = YES_ERROR;
				CLANG_WARN_DOCUMENTATION_COMMENTS = YES;
				CLANG_WARN_EMPTY_BODY = YES;
				CLANG_WARN_ENUM_CONVERSION = YES;
				CLANG_WARN_INFINITE_RECURSION = YES;
				CLANG_WARN_INT_CONVERSION = YES;
				CLANG_WARN_NON_LITERAL_NULL_CONVERSION = YES;
				CLANG_WARN_OBJC_IMPLICIT_RETAIN_SELF = YES;
				CLANG_WARN_OBJC_LITERAL_CONVERSION = YES;
				CLANG_WARN_OBJC_ROOT_CLASS = YES_ERROR;
				CLANG_WARN_QUOTED_INCLUDE_IN_FRAMEWORK_HEADER = YES;
				CLANG_WARN_RANGE_LOOP_ANALYSIS = YES;
				CLANG_WARN_STRICT_PROTOTYPES = YES;
				CLANG_WARN_SUSPICIOUS_MOVE = YES;
				CLANG_WARN_UNGUARDED_AVAILABILITY = YES_AGGRESSIVE;
				CLANG_WARN_UNREACHABLE_CODE = YES;
				CLANG_WARN__DUPLICATE_METHOD_MATCH = YES;
				COPY_PHASE_STRIP = NO;
				DEBUG_INFORMATION_FORMAT = dwarf;
				ENABLE_STRICT_OBJC_MSGSEND = YES;
				ENABLE_TESTABILITY = YES;
				GCC_C_LANGUAGE_STANDARD = gnu11;
				GCC_DYNAMIC_NO_PIC = NO;
				GCC_NO_COMMON_BLOCKS = YES;
				GCC_OPTIMIZATION_LEVEL = 0;
				GCC_PREPROCESSOR_DEFINITIONS = (
					"DEBUG=1",
					"$(inherited)",
				);
				GCC_WARN_64_TO_32_BIT_CONVERSION = YES;
				GCC_WARN_ABOUT_RETURN_TYPE = YES_ERROR;
				GCC_WARN_UNDECLARED_SELECTOR = YES;
				GCC_WARN_UNINITIALIZED_AUTOS = YES_AGGRESSIVE;
				GCC_WARN_UNUSED_FUNCTION = YES;
				GCC_WARN_UNUSED_VARIABLE = YES;
				IPHONEOS_DEPLOYMENT_TARGET = 16.0;
				MTL_ENABLE_DEBUG_INFO = INCLUDE_SOURCE;
				MTL_FAST_MATH = YES;
				ONLY_ACTIVE_ARCH = YES;
				SDKROOT = iphoneos;
				SWIFT_ACTIVE_COMPILATION_CONDITIONS = DEBUG;
				SWIFT_OPTIMIZATION_LEVEL = "-Onone";
			};
			name = Debug;
		};
		554C439D29044DAC0050572F /* Release */ = {
			isa = XCBuildConfiguration;
			buildSettings = {
				ALWAYS_SEARCH_USER_PATHS = NO;
				CLANG_ANALYZER_NONNULL = YES;
				CLANG_ANALYZER_NUMBER_OBJECT_CONVERSION = YES_AGGRESSIVE;
				CLANG_CXX_LANGUAGE_STANDARD = "gnu++20";
				CLANG_ENABLE_MODULES = YES;
				CLANG_ENABLE_OBJC_ARC = YES;
				CLANG_ENABLE_OBJC_WEAK = YES;
				CLANG_WARN_BLOCK_CAPTURE_AUTORELEASING = YES;
				CLANG_WARN_BOOL_CONVERSION = YES;
				CLANG_WARN_COMMA = YES;
				CLANG_WARN_CONSTANT_CONVERSION = YES;
				CLANG_WARN_DEPRECATED_OBJC_IMPLEMENTATIONS = YES;
				CLANG_WARN_DIRECT_OBJC_ISA_USAGE = YES_ERROR;
				CLANG_WARN_DOCUMENTATION_COMMENTS = YES;
				CLANG_WARN_EMPTY_BODY = YES;
				CLANG_WARN_ENUM_CONVERSION = YES;
				CLANG_WARN_INFINITE_RECURSION = YES;
				CLANG_WARN_INT_CONVERSION = YES;
				CLANG_WARN_NON_LITERAL_NULL_CONVERSION = YES;
				CLANG_WARN_OBJC_IMPLICIT_RETAIN_SELF = YES;
				CLANG_WARN_OBJC_LITERAL_CONVERSION = YES;
				CLANG_WARN_OBJC_ROOT_CLASS = YES_ERROR;
				CLANG_WARN_QUOTED_INCLUDE_IN_FRAMEWORK_HEADER = YES;
				CLANG_WARN_RANGE_LOOP_ANALYSIS = YES;
				CLANG_WARN_STRICT_PROTOTYPES = YES;
				CLANG_WARN_SUSPICIOUS_MOVE = YES;
				CLANG_WARN_UNGUARDED_AVAILABILITY = YES_AGGRESSIVE;
				CLANG_WARN_UNREACHABLE_CODE = YES;
				CLANG_WARN__DUPLICATE_METHOD_MATCH = YES;
				COPY_PHASE_STRIP = NO;
				DEBUG_INFORMATION_FORMAT = "dwarf-with-dsym";
				ENABLE_NS_ASSERTIONS = NO;
				ENABLE_STRICT_OBJC_MSGSEND = YES;
				GCC_C_LANGUAGE_STANDARD = gnu11;
				GCC_NO_COMMON_BLOCKS = YES;
				GCC_WARN_64_TO_32_BIT_CONVERSION = YES;
				GCC_WARN_ABOUT_RETURN_TYPE = YES_ERROR;
				GCC_WARN_UNDECLARED_SELECTOR = YES;
				GCC_WARN_UNINITIALIZED_AUTOS = YES_AGGRESSIVE;
				GCC_WARN_UNUSED_FUNCTION = YES;
				GCC_WARN_UNUSED_VARIABLE = YES;
				IPHONEOS_DEPLOYMENT_TARGET = 16.0;
				MTL_ENABLE_DEBUG_INFO = NO;
				MTL_FAST_MATH = YES;
				SDKROOT = iphoneos;
				SWIFT_COMPILATION_MODE = wholemodule;
				SWIFT_OPTIMIZATION_LEVEL = "-O";
				VALIDATE_PRODUCT = YES;
			};
			name = Release;
		};
		554C439F29044DAC0050572F /* Debug */ = {
			isa = XCBuildConfiguration;
			baseConfigurationReference = CCE599A82986283F25F6E69E /* Pods-CocoapodsApp.debug.xcconfig */;
			buildSettings = {
				ASSETCATALOG_COMPILER_APPICON_NAME = AppIcon;
				ASSETCATALOG_COMPILER_GLOBAL_ACCENT_COLOR_NAME = AccentColor;
				CODE_SIGN_STYLE = Automatic;
				CURRENT_PROJECT_VERSION = 1;
				DEVELOPMENT_TEAM = 57TV7LQGRL;
				GENERATE_INFOPLIST_FILE = YES;
				INFOPLIST_FILE = CocoapodsApp/Info.plist;
				INFOPLIST_KEY_UIApplicationSupportsIndirectInputEvents = YES;
				INFOPLIST_KEY_UILaunchStoryboardName = LaunchScreen;
				INFOPLIST_KEY_UIMainStoryboardFile = Main;
				INFOPLIST_KEY_UISupportedInterfaceOrientations_iPad = "UIInterfaceOrientationPortrait UIInterfaceOrientationPortraitUpsideDown UIInterfaceOrientationLandscapeLeft UIInterfaceOrientationLandscapeRight";
				INFOPLIST_KEY_UISupportedInterfaceOrientations_iPhone = "UIInterfaceOrientationPortrait UIInterfaceOrientationLandscapeLeft UIInterfaceOrientationLandscapeRight";
				IPHONEOS_DEPLOYMENT_TARGET = 16.0;
				LD_RUNPATH_SEARCH_PATHS = (
					"$(inherited)",
					"@executable_path/Frameworks",
				);
				MARKETING_VERSION = 1.0;
				PRODUCT_BUNDLE_IDENTIFIER = com.malikastamalieva.CocoapodsApp;
				PRODUCT_NAME = "$(TARGET_NAME)";
				SUPPORTED_PLATFORMS = "iphoneos iphonesimulator";
				SUPPORTS_MACCATALYST = NO;
				SUPPORTS_MAC_DESIGNED_FOR_IPHONE_IPAD = NO;
				SWIFT_EMIT_LOC_STRINGS = YES;
				SWIFT_VERSION = 5.0;
				TARGETED_DEVICE_FAMILY = 1;
			};
			name = Debug;
		};
		554C43A029044DAC0050572F /* Release */ = {
			isa = XCBuildConfiguration;
			baseConfigurationReference = EDDA454505E1EE93DF5730DC /* Pods-CocoapodsApp.release.xcconfig */;
			buildSettings = {
				ASSETCATALOG_COMPILER_APPICON_NAME = AppIcon;
				ASSETCATALOG_COMPILER_GLOBAL_ACCENT_COLOR_NAME = AccentColor;
				CODE_SIGN_STYLE = Automatic;
				CURRENT_PROJECT_VERSION = 1;
				DEVELOPMENT_TEAM = 57TV7LQGRL;
				GENERATE_INFOPLIST_FILE = YES;
				INFOPLIST_FILE = CocoapodsApp/Info.plist;
				INFOPLIST_KEY_UIApplicationSupportsIndirectInputEvents = YES;
				INFOPLIST_KEY_UILaunchStoryboardName = LaunchScreen;
				INFOPLIST_KEY_UIMainStoryboardFile = Main;
				INFOPLIST_KEY_UISupportedInterfaceOrientations_iPad = "UIInterfaceOrientationPortrait UIInterfaceOrientationPortraitUpsideDown UIInterfaceOrientationLandscapeLeft UIInterfaceOrientationLandscapeRight";
				INFOPLIST_KEY_UISupportedInterfaceOrientations_iPhone = "UIInterfaceOrientationPortrait UIInterfaceOrientationLandscapeLeft UIInterfaceOrientationLandscapeRight";
				IPHONEOS_DEPLOYMENT_TARGET = 16.0;
				LD_RUNPATH_SEARCH_PATHS = (
					"$(inherited)",
					"@executable_path/Frameworks",
				);
				MARKETING_VERSION = 1.0;
				PRODUCT_BUNDLE_IDENTIFIER = com.malikastamalieva.CocoapodsApp;
				PRODUCT_NAME = "$(TARGET_NAME)";
				SUPPORTED_PLATFORMS = "iphoneos iphonesimulator";
				SUPPORTS_MACCATALYST = NO;
				SUPPORTS_MAC_DESIGNED_FOR_IPHONE_IPAD = NO;
				SWIFT_EMIT_LOC_STRINGS = YES;
				SWIFT_VERSION = 5.0;
				TARGETED_DEVICE_FAMILY = 1;
			};
			name = Release;
		};
/* End XCBuildConfiguration section */

/* Begin XCConfigurationList section */
		554C438529044DAB0050572F /* Build configuration list for PBXProject "CocoapodsApp" */ = {
			isa = XCConfigurationList;
			buildConfigurations = (
				554C439C29044DAC0050572F /* Debug */,
				554C439D29044DAC0050572F /* Release */,
			);
			defaultConfigurationIsVisible = 0;
			defaultConfigurationName = Release;
		};
		554C439E29044DAC0050572F /* Build configuration list for PBXNativeTarget "CocoapodsApp" */ = {
			isa = XCConfigurationList;
			buildConfigurations = (
				554C439F29044DAC0050572F /* Debug */,
				554C43A029044DAC0050572F /* Release */,
			);
			defaultConfigurationIsVisible = 0;
			defaultConfigurationName = Release;
		};
/* End XCConfigurationList section */
	};
	rootObject = 554C438229044DAB0050572F /* Project object */;
}
